
Microsoft Visual Studio Solution File, Format Version 12.00
# Visual Studio Version 17
VisualStudioVersion = 17.0.31903.59
MinimumVisualStudioVersion = 10.0.40219.1
Project("{FAE04EC0-301F-11D3-BF4B-00C04F79EFBC}") = "CreditSuisse.Application", "CreditSuisse.Application\CreditSuisse.Application.csproj", "{77B863A5-F9F2-4E42-96B8-5B43BEDB9F63}"
EndProject
Project("{FAE04EC0-301F-11D3-BF4B-00C04F79EFBC}") = "CreditSuisse.Domain", "CreditSuisse.Domain\CreditSuisse.Domain.csproj", "{DD2D553F-81D5-46B7-B7C2-B4365CA92255}"
EndProject
Global
	GlobalSection(SolutionConfigurationPlatforms) = preSolution
		Debug|Any CPU = Debug|Any CPU
		Release|Any CPU = Release|Any CPU
	EndGlobalSection
	GlobalSection(SolutionProperties) = preSolution
		HideSolutionNode = FALSE
	EndGlobalSection
	GlobalSection(NestedProjects) = preSolution
	EndGlobalSection
	GlobalSection(ProjectConfigurationPlatforms) = postSolution
		{77B863A5-F9F2-4E42-96B8-5B43BEDB9F63}.Debug|Any CPU.ActiveCfg = Debug|Any CPU
		{77B863A5-F9F2-4E42-96B8-5B43BEDB9F63}.Debug|Any CPU.Build.0 = Debug|Any CPU
		{77B863A5-F9F2-4E42-96B8-5B43BEDB9F63}.Release|Any CPU.ActiveCfg = Release|Any CPU
		{77B863A5-F9F2-4E42-96B8-5B43BEDB9F63}.Release|Any CPU.Build.0 = Release|Any CPU
		{DD2D553F-81D5-46B7-B7C2-B4365CA92255}.Debug|Any CPU.ActiveCfg = Debug|Any CPU
		{DD2D553F-81D5-46B7-B7C2-B4365CA92255}.Debug|Any CPU.Build.0 = Debug|Any CPU
		{DD2D553F-81D5-46B7-B7C2-B4365CA92255}.Release|Any CPU.ActiveCfg = Release|Any CPU
		{DD2D553F-81D5-46B7-B7C2-B4365CA92255}.Release|Any CPU.Build.0 = Release|Any CPU
	EndGlobalSection
EndGlobal
